{
  "requires": true,
  "lockfileVersion": 1,
  "dependencies": {
    "eventemitter2": {
      "version": "0.4.14",
      "resolved": "https://registry.npmjs.org/eventemitter2/-/eventemitter2-0.4.14.tgz",
      "integrity": "sha1-j2G3XN4BKy6esoTUVFWDtWQ7Yas="
    },
    "eventemitter3": {
      "version": "0.1.6",
      "resolved": "https://registry.npmjs.org/eventemitter3/-/eventemitter3-0.1.6.tgz",
      "integrity": "sha1-jHrES4e6q1XNUMgo3Dh3jqwFLqU="
    },
    "js-binarypack": {
      "version": "0.0.9",
      "resolved": "https://registry.npmjs.org/js-binarypack/-/js-binarypack-0.0.9.tgz",
      "integrity": "sha1-RUJD094hKWHMFRSi8Rnewvr2QDU="
    },
    "lazy": {
      "version": "1.0.11",
      "resolved": "https://registry.npmjs.org/lazy/-/lazy-1.0.11.tgz",
      "integrity": "sha1-2qBoIGKCVCwIgojpdcKXwa53tpA="
    },
    "netmask": {
      "version": "1.0.6",
      "resolved": "https://registry.npmjs.org/netmask/-/netmask-1.0.6.tgz",
      "integrity": "sha1-ICl+idhvb2QA8lDZ9Pa0wZRfzTU="
    },
    "nssocket": {
      "version": "0.6.0",
      "resolved": "https://registry.npmjs.org/nssocket/-/nssocket-0.6.0.tgz",
      "integrity": "sha1-Wflvb/MhVm8zxw99vu7N/cBxVPo=",
      "requires": {
        "eventemitter2": "0.4.14",
        "lazy": "1.0.11"
      }
    },
    "peerjs": {
      "version": "0.3.14",
      "resolved": "https://registry.npmjs.org/peerjs/-/peerjs-0.3.14.tgz",
      "integrity": "sha1-X5NOsJoEziN6R9UvR2bJNz2iUR4=",
      "requires": {
        "eventemitter3": "0.1.6",
        "js-binarypack": "0.0.9",
        "reliable": "git+https://github.com/michelle/reliable.git#f09ba29d57a05beaa07990171f3fe7b746587aaa"
      }
    },
    "reliable": {
      "version": "git+https://github.com/michelle/reliable.git#f09ba29d57a05beaa07990171f3fe7b746587aaa",
      "requires": {
        "js-binarypack": "0.0.9"
      }
    },
    "smokesignal": {
      "version": "0.2.2",
      "resolved": "https://registry.npmjs.org/smokesignal/-/smokesignal-0.2.2.tgz",
      "integrity": "sha1-P/b1nfl8C3JNg9Z7Pj0c6niH0VE=",
      "requires": {
        "netmask": "1.0.6",
        "nssocket": "0.6.0"
      }
    }
  }
}
